
Microsoft Visual Studio Solution File, Format Version 12.00
# Visual Studio Version 17
VisualStudioVersion = 17.7.34031.279
MinimumVisualStudioVersion = 10.0.40219.1
Project("{FAE04EC0-301F-11D3-BF4B-00C04F79EFBC}") = "MVC Countries", "MVC Countries\MVC Countries.csproj", "{EE6FE524-1532-4D93-BFD2-32CD1FED3886}"
EndProject
Global
	GlobalSection(SolutionConfigurationPlatforms) = preSolution
		Debug|Any CPU = Debug|Any CPU
		Release|Any CPU = Release|Any CPU
	EndGlobalSection
	GlobalSection(ProjectConfigurationPlatforms) = postSolution
		{EE6FE524-1532-4D93-BFD2-32CD1FED3886}.Debug|Any CPU.ActiveCfg = Debug|Any CPU
		{EE6FE524-1532-4D93-BFD2-32CD1FED3886}.Debug|Any CPU.Build.0 = Debug|Any CPU
		{EE6FE524-1532-4D93-BFD2-32CD1FED3886}.Release|Any CPU.ActiveCfg = Release|Any CPU
		{EE6FE524-1532-4D93-BFD2-32CD1FED3886}.Release|Any CPU.Build.0 = Release|Any CPU
	EndGlobalSection
	GlobalSection(SolutionProperties) = preSolution
		HideSolutionNode = FALSE
	EndGlobalSection
	GlobalSection(ExtensibilityGlobals) = postSolution
		SolutionGuid = {A43BB484-1604-491B-9FA3-23B2B5B8DA57}
	EndGlobalSection
EndGlobal
